<?xml version="1.0" encoding="utf-8"?>
<Project ToolsVersion="4.0" xmlns="http://schemas.microsoft.com/developer/msbuild/2003">
  <ItemGroup>
    <Filter Include="Source Files">
      <UniqueIdentifier>{4FC737F1-C7A5-4376-A066-2A32D752A2FF}</UniqueIdentifier>
      <Extensions>cpp;c;cxx;def;odl;idl;hpj;bat;asm;asmx</Extensions>
    </Filter>
    <Filter Include="Header Files">
      <UniqueIdentifier>{93995380-89BD-4b04-88EB-625FBE52EBFB}</UniqueIdentifier>
      <Extensions>h;hpp;hxx;hm;inl;inc;xsd</Extensions>
    </Filter>
    <Filter Include="Shared Header Files">
      <UniqueIdentifier>{aa95e1c0-bf8f-4dfe-bf5f-3d8a9ee58aee}</UniqueIdentifier>
    </Filter>
    <Filter Include="def">
      <UniqueIdentifier>{3a75a927-651f-4d78-b1cc-4149d9635835}</UniqueIdentifier>
    </Filter>
  </ItemGroup>
  <ItemGroup>
    <ClCompile Include="src\blockmap.c">
      <Filter>Source Files</Filter>
    </ClCompile>
    <ClCompile Include="src\comment.c">
      <Filter>Source Files</Filter>
    </ClCompile>
    <ClCompile Include="src\dct.c">
      <Filter>Source Files</Filter>
    </ClCompile>
    <ClCompile Include="src\dct_decode.c">
      <Filter>Source Files</Filter>
    </ClCompile>
    <ClCompile Include="src\dct_encode.c">
      <Filter>Source Files</Filter>
    </ClCompile>
    <ClCompile Include="src\decode.c">
      <Filter>Source Files</Filter>
    </ClCompile>
    <ClCompile Include="src\encode.c">
      <Filter>Source Files</Filter>
    </ClCompile>
    <ClCompile Include="src\encoder_toplevel.c">
      <Filter>Source Files</Filter>
    </ClCompile>
    <ClCompile Include="src\frarray.c">
      <Filter>Source Files</Filter>
    </ClCompile>
    <ClCompile Include="src\frinit.c">
      <Filter>Source Files</Filter>
    </ClCompile>
    <ClCompile Include="src\huffman.c">
      <Filter>Source Files</Filter>
    </ClCompile>
    <ClCompile Include="src\idct.c">
      <Filter>Source Files</Filter>
    </ClCompile>
    <ClCompile Include="src\mcomp.c">
      <Filter>Source Files</Filter>
    </ClCompile>
    <ClCompile Include="src\misc_common.c">
      <Filter>Source Files</Filter>
    </ClCompile>
    <ClCompile Include="src\pb.c">
      <Filter>Source Files</Filter>
    </ClCompile>
    <ClCompile Include="src\pp.c">
      <Filter>Source Files</Filter>
    </ClCompile>
    <ClCompile Include="src\quant.c">
      <Filter>Source Files</Filter>
    </ClCompile>
    <ClCompile Include="src\reconstruct.c">
      <Filter>Source Files</Filter>
    </ClCompile>
    <ClCompile Include="src\scan.c">
      <Filter>Source Files</Filter>
    </ClCompile>
    <ClCompile Include="src\toplevel.c">
      <Filter>Source Files</Filter>
    </ClCompile>
    <ClCompile Include="src\dsp.c">
      <Filter>Source Files</Filter>
    </ClCompile>
    <ClCompile Include="src\cpu.c">
      <Filter>Source Files</Filter>
    </ClCompile>
  </ItemGroup>
  <ItemGroup>
    <ClInclude Include="src\block_inline.h">
      <Filter>Header Files</Filter>
    </ClInclude>
    <ClInclude Include="src\encoder_lookup.h">
      <Filter>Header Files</Filter>
    </ClInclude>
    <ClInclude Include="src\huffman.h">
      <Filter>Header Files</Filter>
    </ClInclude>
    <ClInclude Include="src\hufftables.h">
      <Filter>Header Files</Filter>
    </ClInclude>
    <ClInclude Include="src\pp.h">
      <Filter>Header Files</Filter>
    </ClInclude>
    <ClInclude Include="src\quant_lookup.h">
      <Filter>Header Files</Filter>
    </ClInclude>
    <ClInclude Include="src\toplevel_lookup.h">
      <Filter>Header Files</Filter>
    </ClInclude>
    <ClInclude Include="include\theora\theora.h">
      <Filter>Shared Header Files</Filter>
    </ClInclude>
    <ClInclude Include="src\codec_internal.h">
      <Filter>Header Files</Filter>
    </ClInclude>
    <ClInclude Include="src\cpu.h">
      <Filter>Header Files</Filter>
    </ClInclude>
    <ClInclude Include="src\dsp.h">
      <Filter>Header Files</Filter>
    </ClInclude>
    <ClInclude Include="src\toplevel.h">
      <Filter>Header Files</Filter>
    </ClInclude>
  </ItemGroup>
  <ItemGroup>
    <None Include="libtheora.def">
      <Filter>def</Filter>
    </None>
  </ItemGroup>
</Project>