<?xml version="1.0" encoding="utf-8"?>
<Project ToolsVersion="4.0" xmlns="http://schemas.microsoft.com/developer/msbuild/2003">
  <ItemGroup>
    <Filter Include="def">
      <UniqueIdentifier>{2fd2969f-c816-485b-9a78-b251f9751ba8}</UniqueIdentifier>
    </Filter>
    <Filter Include="Header Files">
      <UniqueIdentifier>{aa3f0f4e-1c75-41dd-811f-d04efab60aa3}</UniqueIdentifier>
    </Filter>
    <Filter Include="Shared Header Files">
      <UniqueIdentifier>{3b36b1c6-f587-462e-8ad0-e351f231beae}</UniqueIdentifier>
    </Filter>
    <Filter Include="Source Files">
      <UniqueIdentifier>{116de181-1ecd-403d-b4e7-5498606c6ffc}</UniqueIdentifier>
    </Filter>
  </ItemGroup>
  <ItemGroup>
    <None Include="msvcdefs.def">
      <Filter>def</Filter>
    </None>
  </ItemGroup>
  <ItemGroup>
    <ClInclude Include="array.h">
      <Filter>Header Files</Filter>
    </ClInclude>
    <ClInclude Include="Bounder33.h">
      <Filter>Header Files</Filter>
    </ClInclude>
    <ClInclude Include="collision_kernel.h">
      <Filter>Header Files</Filter>
    </ClInclude>
    <ClInclude Include="collision_space_internal.h">
      <Filter>Header Files</Filter>
    </ClInclude>
    <ClInclude Include="collision_std.h">
      <Filter>Header Files</Filter>
    </ClInclude>
    <ClInclude Include="collision_transform.h">
      <Filter>Header Files</Filter>
    </ClInclude>
    <ClInclude Include="collision_trimesh_internal.h">
      <Filter>Header Files</Filter>
    </ClInclude>
    <ClInclude Include="collision_util.h">
      <Filter>Header Files</Filter>
    </ClInclude>
    <ClInclude Include="de_padf_integration.h">
      <Filter>Header Files</Filter>
    </ClInclude>
    <ClInclude Include="geom_internal.h">
      <Filter>Header Files</Filter>
    </ClInclude>
    <ClInclude Include="joint.h">
      <Filter>Header Files</Filter>
    </ClInclude>
    <ClInclude Include="lcp.h">
      <Filter>Header Files</Filter>
    </ClInclude>
    <ClInclude Include="Lcp33.h">
      <Filter>Header Files</Filter>
    </ClInclude>
    <ClInclude Include="mat.h">
      <Filter>Header Files</Filter>
    </ClInclude>
    <ClInclude Include="objects.h">
      <Filter>Header Files</Filter>
    </ClInclude>
    <ClInclude Include="obstack.h">
      <Filter>Header Files</Filter>
    </ClInclude>
    <ClInclude Include="quickstep.h">
      <Filter>Header Files</Filter>
    </ClInclude>
    <ClInclude Include="stack.h">
      <Filter>Header Files</Filter>
    </ClInclude>
    <ClInclude Include="step.h">
      <Filter>Header Files</Filter>
    </ClInclude>
    <ClInclude Include="StepJointInternal.h">
      <Filter>Header Files</Filter>
    </ClInclude>
    <ClInclude Include="testing.h">
      <Filter>Header Files</Filter>
    </ClInclude>
    <ClInclude Include="util.h">
      <Filter>Header Files</Filter>
    </ClInclude>
    <ClInclude Include="include\collision.h">
      <Filter>Shared Header Files</Filter>
    </ClInclude>
    <ClInclude Include="include\collision_space.h">
      <Filter>Shared Header Files</Filter>
    </ClInclude>
    <ClInclude Include="include\collision_trimesh.h">
      <Filter>Shared Header Files</Filter>
    </ClInclude>
    <ClInclude Include="include\common.h">
      <Filter>Shared Header Files</Filter>
    </ClInclude>
    <ClInclude Include="include\compatibility.h">
      <Filter>Shared Header Files</Filter>
    </ClInclude>
    <ClInclude Include="include\config.h">
      <Filter>Shared Header Files</Filter>
    </ClInclude>
    <ClInclude Include="include\contact.h">
      <Filter>Shared Header Files</Filter>
    </ClInclude>
    <ClInclude Include="include\error.h">
      <Filter>Shared Header Files</Filter>
    </ClInclude>
    <ClInclude Include="include\export-dif.h">
      <Filter>Shared Header Files</Filter>
    </ClInclude>
    <ClInclude Include="include\geom.h">
      <Filter>Shared Header Files</Filter>
    </ClInclude>
    <ClInclude Include="include\mass.h">
      <Filter>Shared Header Files</Filter>
    </ClInclude>
    <ClInclude Include="include\matrix.h">
      <Filter>Shared Header Files</Filter>
    </ClInclude>
    <ClInclude Include="include\memory.h">
      <Filter>Shared Header Files</Filter>
    </ClInclude>
    <ClInclude Include="include\misc.h">
      <Filter>Shared Header Files</Filter>
    </ClInclude>
    <ClInclude Include="include\objects.h">
      <Filter>Shared Header Files</Filter>
    </ClInclude>
    <ClInclude Include="include\ode.h">
      <Filter>Shared Header Files</Filter>
    </ClInclude>
    <ClInclude Include="include\odecpp.h">
      <Filter>Shared Header Files</Filter>
    </ClInclude>
    <ClInclude Include="include\odecpp_collision.h">
      <Filter>Shared Header Files</Filter>
    </ClInclude>
    <ClInclude Include="include\odemath.h">
      <Filter>Shared Header Files</Filter>
    </ClInclude>
    <ClInclude Include="include\rotation.h">
      <Filter>Shared Header Files</Filter>
    </ClInclude>
    <ClInclude Include="include\space.h">
      <Filter>Shared Header Files</Filter>
    </ClInclude>
    <ClInclude Include="include\timer.h">
      <Filter>Shared Header Files</Filter>
    </ClInclude>
  </ItemGroup>
  <ItemGroup>
    <ClCompile Include="fastdot.c">
      <Filter>Source Files</Filter>
    </ClCompile>
    <ClCompile Include="fastldlt.c">
      <Filter>Source Files</Filter>
    </ClCompile>
    <ClCompile Include="fastlsolve.c">
      <Filter>Source Files</Filter>
    </ClCompile>
    <ClCompile Include="fastltsolve.c">
      <Filter>Source Files</Filter>
    </ClCompile>
    <ClCompile Include="array.cpp">
      <Filter>Source Files</Filter>
    </ClCompile>
    <ClCompile Include="Bounder33.cpp">
      <Filter>Source Files</Filter>
    </ClCompile>
    <ClCompile Include="collision_kernel.cpp">
      <Filter>Source Files</Filter>
    </ClCompile>
    <ClCompile Include="collision_quadtreespace.cpp">
      <Filter>Source Files</Filter>
    </ClCompile>
    <ClCompile Include="collision_space.cpp">
      <Filter>Source Files</Filter>
    </ClCompile>
    <ClCompile Include="collision_std.cpp">
      <Filter>Source Files</Filter>
    </ClCompile>
    <ClCompile Include="collision_transform.cpp">
      <Filter>Source Files</Filter>
    </ClCompile>
    <ClCompile Include="collision_util.cpp">
      <Filter>Source Files</Filter>
    </ClCompile>
    <ClCompile Include="de_padf_integration.cpp">
      <Filter>Source Files</Filter>
    </ClCompile>
    <ClCompile Include="error.cpp">
      <Filter>Source Files</Filter>
    </ClCompile>
    <ClCompile Include="export-dif.cpp">
      <Filter>Source Files</Filter>
    </ClCompile>
    <ClCompile Include="joint.cpp">
      <Filter>Source Files</Filter>
    </ClCompile>
    <ClCompile Include="lcp.cpp">
      <Filter>Source Files</Filter>
    </ClCompile>
    <ClCompile Include="mass.cpp">
      <Filter>Source Files</Filter>
    </ClCompile>
    <ClCompile Include="mat.cpp">
      <Filter>Source Files</Filter>
    </ClCompile>
    <ClCompile Include="matrix.cpp">
      <Filter>Source Files</Filter>
    </ClCompile>
    <ClCompile Include="memory.cpp">
      <Filter>Source Files</Filter>
    </ClCompile>
    <ClCompile Include="misc.cpp">
      <Filter>Source Files</Filter>
    </ClCompile>
    <ClCompile Include="obstack.cpp">
      <Filter>Source Files</Filter>
    </ClCompile>
    <ClCompile Include="ode.cpp">
      <Filter>Source Files</Filter>
    </ClCompile>
    <ClCompile Include="odemath.cpp">
      <Filter>Source Files</Filter>
    </ClCompile>
    <ClCompile Include="quickstep.cpp">
      <Filter>Source Files</Filter>
    </ClCompile>
    <ClCompile Include="rotation.cpp">
      <Filter>Source Files</Filter>
    </ClCompile>
    <ClCompile Include="step.cpp">
      <Filter>Source Files</Filter>
    </ClCompile>
    <ClCompile Include="stepfast.cpp">
      <Filter>Source Files</Filter>
    </ClCompile>
    <ClCompile Include="StepJointInternal.cpp">
      <Filter>Source Files</Filter>
    </ClCompile>
    <ClCompile Include="testing.cpp">
      <Filter>Source Files</Filter>
    </ClCompile>
    <ClCompile Include="timer.cpp">
      <Filter>Source Files</Filter>
    </ClCompile>
    <ClCompile Include="util.cpp">
      <Filter>Source Files</Filter>
    </ClCompile>
  </ItemGroup>
</Project>